{
    "_readme": [
        "This file locks the dependencies of your project to a known state",
        "Read more about it at http://getcomposer.org/doc/01-basic-usage.md#composer-lock-the-lock-file"
    ],
    "hash": "877b4ac2c28c8537d451d8b8c1d21e7c",
    "packages": [
        {
            "name": "crodas/path",
            "version": "v0.1.5",
            "source": {
                "type": "git",
                "url": "https://github.com/crodas/Path.git",
                "reference": "15ef24c4b2b81d8e5148406012af0a633126b3d5"
            },
            "dist": {
                "type": "zip",
                "url": "https://api.github.com/repos/crodas/Path/zipball/15ef24c4b2b81d8e5148406012af0a633126b3d5",
                "reference": "15ef24c4b2b81d8e5148406012af0a633126b3d5",
                "shasum": ""
            },
            "type": "library",
            "autoload": {
                "psr-0": {
                    "crodas": "lib/"
                }
            },
            "notification-url": "https://packagist.org/downloads/",
            "license": [
                "BSD-4-Clause"
            ],
            "authors": [
                {
                    "name": "César D. Rodas",
                    "email": "crodas@php.net"
                }
            ],
            "description": "Library to manipulate paths",
            "time": "2013-10-23 16:48:11"
        },
        {
            "name": "leafo/lessphp",
            "version": "v0.4.0",
            "source": {
                "type": "git",
                "url": "https://github.com/leafo/lessphp.git",
                "reference": "51f3f06f0fe78a722dabfd14578444bdd078d9de"
            },
            "dist": {
                "type": "zip",
                "url": "https://api.github.com/repos/leafo/lessphp/zipball/51f3f06f0fe78a722dabfd14578444bdd078d9de",
                "reference": "51f3f06f0fe78a722dabfd14578444bdd078d9de",
                "shasum": ""
            },
            "type": "library",
            "extra": {
                "branch-alias": {
                    "dev-master": "0.3-dev"
                }
            },
            "autoload": {
                "classmap": [
                    "lessc.inc.php"
                ]
            },
            "notification-url": "https://packagist.org/downloads/",
            "license": [
                "MIT",
                "GPL-3.0"
            ],
            "authors": [
                {
                    "name": "Leaf Corcoran",
                    "email": "leafot@gmail.com",
                    "homepage": "http://leafo.net"
                }
            ],
            "description": "lessphp is a compiler for LESS written in PHP.",
            "homepage": "http://leafo.net/lessphp/",
            "time": "2013-08-09 17:09:19"
        },
        {
            "name": "leafo/scssphp",
            "version": "0.0.10",
            "source": {
                "type": "git",
                "url": "https://github.com/leafo/scssphp.git",
                "reference": "558357feceb9b932a192966945904414dc372e4d"
            },
            "dist": {
                "type": "zip",
                "url": "https://api.github.com/repos/leafo/scssphp/zipball/558357feceb9b932a192966945904414dc372e4d",
                "reference": "558357feceb9b932a192966945904414dc372e4d",
                "shasum": ""
            },
            "require": {
                "php": ">=5.2.0"
            },
            "require-dev": {
                "php": ">=5.3.0",
                "phpunit/phpunit": "3.7.*"
            },
            "bin": [
                "pscss"
            ],
            "type": "library",
            "autoload": {
                "classmap": [
                    "scss.inc.php"
                ]
            },
            "notification-url": "https://packagist.org/downloads/",
            "license": [
                "MIT",
                "GPL-3.0"
            ],
            "authors": [
                {
                    "name": "Leaf Corcoran",
                    "email": "leafot@gmail.com",
                    "homepage": "http://leafo.net"
                }
            ],
            "description": "scssphp is a compiler for SCSS written in PHP.",
            "homepage": "http://leafo.net/scssphp/",
            "time": "2014-04-15 02:25:09"
        },
        {
            "name": "patchwork/jsqueeze",
            "version": "v1.0",
            "source": {
                "type": "git",
                "url": "https://github.com/nicolas-grekas/JSqueeze.git",
                "reference": "4d75272c6316ab70c281afd863a7b6c2dc5446dd"
            },
            "dist": {
                "type": "zip",
                "url": "https://api.github.com/repos/nicolas-grekas/JSqueeze/zipball/4d75272c6316ab70c281afd863a7b6c2dc5446dd",
                "reference": "4d75272c6316ab70c281afd863a7b6c2dc5446dd",
                "shasum": ""
            },
            "require": {
                "php": ">=5.1.4"
            },
            "type": "library",
            "autoload": {
                "psr-0": {
                    "JSqueeze": "class/"
                }
            },
            "notification-url": "https://packagist.org/downloads/",
            "license": [
                "(Apache-2.0 or GPL-2.0)"
            ],
            "authors": [
                {
                    "name": "Nicolas Grekas",
                    "email": "p@tchwork.com",
                    "role": "Developer"
                }
            ],
            "description": "Efficient JavaScript minification in PHP",
            "homepage": "https://github.com/nicolas-grekas/JSqueeze",
            "keywords": [
                "compression",
                "javascript",
                "minification"
            ],
            "time": "2014-01-28 08:41:24"
        }
    ],
    "packages-dev": [

    ],
    "aliases": [

    ],
    "minimum-stability": "stable",
    "stability-flags": [

    ],
    "platform": [

    ],
    "platform-dev": [

    ]
}
